
Microsoft Visual Studio Solution File, Format Version 12.00
# Visual Studio Version 17
VisualStudioVersion = 17.6.33829.357
MinimumVisualStudioVersion = 10.0.40219.1
Project("{F184B08F-C81C-45F6-A57F-5ABD9991F28F}") = "MCSM-windows-insttool", "MCSM-windows-insttool.vbproj", "{B91A398C-38D6-4582-B180-92CDBAF6E541}"
EndProject
Global
	GlobalSection(SolutionConfigurationPlatforms) = preSolution
		Debug|Any CPU = Debug|Any CPU
		Release|Any CPU = Release|Any CPU
	EndGlobalSection
	GlobalSection(ProjectConfigurationPlatforms) = postSolution
		{B91A398C-38D6-4582-B180-92CDBAF6E541}.Debug|Any CPU.ActiveCfg = Debug|Any CPU
		{B91A398C-38D6-4582-B180-92CDBAF6E541}.Debug|Any CPU.Build.0 = Debug|Any CPU
		{B91A398C-38D6-4582-B180-92CDBAF6E541}.Release|Any CPU.ActiveCfg = Release|Any CPU
		{B91A398C-38D6-4582-B180-92CDBAF6E541}.Release|Any CPU.Build.0 = Release|Any CPU
	EndGlobalSection
	GlobalSection(SolutionProperties) = preSolution
		HideSolutionNode = FALSE
	EndGlobalSection
	GlobalSection(ExtensibilityGlobals) = postSolution
		SolutionGuid = {8E926A06-E0D4-405E-B65D-340F99353800}
	EndGlobalSection
EndGlobal
